<?xml version="1.0" encoding="utf-8"?>
<Project ToolsVersion="4.0" xmlns="http://schemas.microsoft.com/developer/msbuild/2003">
  <ItemGroup>
    <Filter Include="头文件">
      <UniqueIdentifier>{93995380-89BD-4b04-88EB-625FBE52EBFB}</UniqueIdentifier>
      <Extensions>h;hh;hpp;hxx;hm;inl;inc;xsd</Extensions>
    </Filter>
    <Filter Include="资源文件">
      <UniqueIdentifier>{67DA6AB6-F800-4c08-8B7A-83BB121AAD01}</UniqueIdentifier>
      <Extensions>rc;ico;cur;bmp;dlg;rc2;rct;bin;rgs;gif;jpg;jpeg;jpe;resx;tiff;tif;png;wav;mfcribbon-ms</Extensions>
    </Filter>
    <Filter Include="源文件">
      <UniqueIdentifier>{4FC737F1-C7A5-4376-A066-2A32D752A2FF}</UniqueIdentifier>
      <Extensions>cpp;c;cc;cxx;def;odl;idl;hpj;bat;asm;asmx</Extensions>
    </Filter>
    <Filter Include="资源文件\Filter">
      <UniqueIdentifier>{5b23edef-f03c-44f2-b295-82b8a751bd9c}</UniqueIdentifier>
    </Filter>
  </ItemGroup>
  <ItemGroup>
    <ClCompile Include="P1425.cpp">
      <Filter>资源文件</Filter>
    </ClCompile>
    <ClCompile Include="p1914.cpp">
      <Filter>资源文件</Filter>
    </ClCompile>
    <ClCompile Include="eight queens.cpp">
      <Filter>资源文件</Filter>
    </ClCompile>
    <ClCompile Include="BFS1.cpp">
      <Filter>资源文件</Filter>
    </ClCompile>
    <ClCompile Include="sort.cpp">
      <Filter>资源文件</Filter>
    </ClCompile>
    <ClCompile Include="tax and subsidy.cpp">
      <Filter>资源文件</Filter>
    </ClCompile>
    <ClCompile Include="simple 并查集.cpp">
      <Filter>资源文件</Filter>
    </ClCompile>
    <ClCompile Include="ACMrule.cpp">
      <Filter>资源文件</Filter>
    </ClCompile>
    <ClCompile Include="binarytree.cpp">
      <Filter>资源文件</Filter>
    </ClCompile>
    <ClCompile Include="factorial.cpp">
      <Filter>资源文件</Filter>
    </ClCompile>
    <ClCompile Include="tower.cpp">
      <Filter>资源文件</Filter>
    </ClCompile>
    <ClCompile Include="Goldbach.cpp">
      <Filter>资源文件</Filter>
    </ClCompile>
    <ClCompile Include="swiss wheel.cpp">
      <Filter>资源文件</Filter>
    </ClCompile>
    <ClCompile Include="State compression？.cpp">
      <Filter>资源文件</Filter>
    </ClCompile>
    <ClCompile Include="minimum connection.cpp">
      <Filter>资源文件</Filter>
    </ClCompile>
    <ClCompile Include="Sudoku--terrible.cpp">
      <Filter>资源文件</Filter>
    </ClCompile>
    <ClCompile Include="High-precision.cpp">
      <Filter>资源文件</Filter>
    </ClCompile>
    <ClCompile Include="function point test.cpp">
      <Filter>资源文件</Filter>
    </ClCompile>
    <ClCompile Include="maxdivisor.cpp">
      <Filter>资源文件</Filter>
    </ClCompile>
    <ClCompile Include="hex conversion.cpp">
      <Filter>资源文件</Filter>
    </ClCompile>
    <ClCompile Include="submatrix--backup.cpp">
      <Filter>源文件</Filter>
    </ClCompile>
    <ClCompile Include="DFS-shortest path.cpp">
      <Filter>资源文件</Filter>
    </ClCompile>
    <ClCompile Include="最小生成树.cpp">
      <Filter>资源文件</Filter>
    </ClCompile>
    <ClCompile Include="PAT top1001%28Kruskal%29.cpp">
      <Filter>资源文件</Filter>
    </ClCompile>
    <ClCompile Include="虫食算.cpp">
      <Filter>资源文件</Filter>
    </ClCompile>
    <ClCompile Include="PAT top1003(max flow).cpp">
      <Filter>资源文件</Filter>
    </ClCompile>
    <ClCompile Include="PAT top1004.cpp">
      <Filter>资源文件</Filter>
    </ClCompile>
    <ClCompile Include="KMP and Sunday.cpp">
      <Filter>资源文件</Filter>
    </ClCompile>
    <ClCompile Include="TOP 1005%28hash%29.cpp">
      <Filter>资源文件</Filter>
    </ClCompile>
    <ClCompile Include="segment tree.cpp">
      <Filter>头文件</Filter>
    </ClCompile>
    <ClCompile Include="div.2 427 t4.cpp">
      <Filter>资源文件</Filter>
    </ClCompile>
    <ClCompile Include="primejudge.cpp">
      <Filter>头文件</Filter>
    </ClCompile>
    <ClCompile Include="algorithm LCA%28tarjan%29.cpp">
      <Filter>头文件</Filter>
    </ClCompile>
    <ClCompile Include="源.cpp">
      <Filter>源文件</Filter>
    </ClCompile>
    <ClCompile Include="div.2 425 t4%28lca%29.cpp">
      <Filter>资源文件</Filter>
    </ClCompile>
  </ItemGroup>
  <ItemGroup>
    <ClInclude Include="resource.h">
      <Filter>头文件</Filter>
    </ClInclude>
    <ClInclude Include="stdafx.h">
      <Filter>头文件</Filter>
    </ClInclude>
    <ClInclude Include="segment tree.h">
      <Filter>头文件</Filter>
    </ClInclude>
  </ItemGroup>
</Project>